// !$*UTF8*$!
{
	archiveVersion = 1;
	classes = {
	};
	objectVersion = 50;
	objects = {

/* Begin PBXBuildFile section */
		D42A387A243F51E70065576D /* FactsServiceTests.swift in Sources */ = {isa = PBXBuildFile; fileRef = D42A3879243F51E70065576D /* FactsServiceTests.swift */; };
		D42A388D243F56F30065576D /* XCTestcase+Extension.swift in Sources */ = {isa = PBXBuildFile; fileRef = D42A388C243F56F30065576D /* XCTestcase+Extension.swift */; };
		D42A388E243F57A40065576D /* Mockfacts.json in Resources */ = {isa = PBXBuildFile; fileRef = D42A387C243F53B70065576D /* Mockfacts.json */; };
		D42A3890243F5A7B0065576D /* AppBundleTests.swift in Sources */ = {isa = PBXBuildFile; fileRef = D42A388F243F5A7B0065576D /* AppBundleTests.swift */; };
		D42A3892243F5BA70065576D /* FactsViewModelTests.swift in Sources */ = {isa = PBXBuildFile; fileRef = D42A3891243F5BA70065576D /* FactsViewModelTests.swift */; };
		D42A3896243F5FAE0065576D /* FactsServiceProtocolMock.swift in Sources */ = {isa = PBXBuildFile; fileRef = D42A3895243F5FAE0065576D /* FactsServiceProtocolMock.swift */; };
		D42A389D243F6C4B0065576D /* NetworkManagerTests.swift in Sources */ = {isa = PBXBuildFile; fileRef = D42A389C243F6C4B0065576D /* NetworkManagerTests.swift */; };
		D42A389F243F72440065576D /* FactsTableViewTests.swift in Sources */ = {isa = PBXBuildFile; fileRef = D42A389E243F72440065576D /* FactsTableViewTests.swift */; };
		D42A38A1243F738E0065576D /* mockImage.png in Resources */ = {isa = PBXBuildFile; fileRef = D42A38A0243F738E0065576D /* mockImage.png */; };
		D42A38A3243F740B0065576D /* FactDetailsMock.swift in Sources */ = {isa = PBXBuildFile; fileRef = D42A38A2243F740B0065576D /* FactDetailsMock.swift */; };
		D42A38A6243F80A00065576D /* FactsTableViewCellTests.swift in Sources */ = {isa = PBXBuildFile; fileRef = D42A38A5243F80A00065576D /* FactsTableViewCellTests.swift */; };
		D42A38A8243F84EB0065576D /* FactsViewControllerTests.swift in Sources */ = {isa = PBXBuildFile; fileRef = D42A38A7243F84EB0065576D /* FactsViewControllerTests.swift */; };
		D436756C243CEBEC0004A1C1 /* AppDelegate.swift in Sources */ = {isa = PBXBuildFile; fileRef = D436756B243CEBEC0004A1C1 /* AppDelegate.swift */; };
		D436756E243CEBEC0004A1C1 /* SceneDelegate.swift in Sources */ = {isa = PBXBuildFile; fileRef = D436756D243CEBEC0004A1C1 /* SceneDelegate.swift */; };
		D4367575243CEBEE0004A1C1 /* Assets.xcassets in Resources */ = {isa = PBXBuildFile; fileRef = D4367574243CEBEE0004A1C1 /* Assets.xcassets */; };
		D4367578243CEBEE0004A1C1 /* LaunchScreen.storyboard in Resources */ = {isa = PBXBuildFile; fileRef = D4367576243CEBEE0004A1C1 /* LaunchScreen.storyboard */; };
		D4375BD4243F41A80051AFAF /* AlertView.swift in Sources */ = {isa = PBXBuildFile; fileRef = D4375BD3243F41A80051AFAF /* AlertView.swift */; };
		D4375BD6243F46300051AFAF /* ActivityIndicator.swift in Sources */ = {isa = PBXBuildFile; fileRef = D4375BD5243F46300051AFAF /* ActivityIndicator.swift */; };
		D43F31CE243DB6D8009E789C /* UIView+Extension.swift in Sources */ = {isa = PBXBuildFile; fileRef = D43F31CD243DB6D8009E789C /* UIView+Extension.swift */; };
		D43F31D2243DD1E6009E789C /* FactsTableViewCell.swift in Sources */ = {isa = PBXBuildFile; fileRef = D43F31D1243DD1E6009E789C /* FactsTableViewCell.swift */; };
		D43F31D8243DDD25009E789C /* UITableViewCell+Extension.swift in Sources */ = {isa = PBXBuildFile; fileRef = D43F31D7243DDD25009E789C /* UITableViewCell+Extension.swift */; };
		D472EAE7243E42870037AF1B /* UIImageView+Download.swift in Sources */ = {isa = PBXBuildFile; fileRef = D472EAE6243E42870037AF1B /* UIImageView+Download.swift */; };
		D47FE451243F29CE007DA373 /* FactsBuilder.swift in Sources */ = {isa = PBXBuildFile; fileRef = D47FE450243F29CE007DA373 /* FactsBuilder.swift */; };
		D47FE453243F2C5F007DA373 /* UIWindow+ViewContoller.swift in Sources */ = {isa = PBXBuildFile; fileRef = D47FE452243F2C5F007DA373 /* UIWindow+ViewContoller.swift */; };
		D4B809C8243D09C70024EE04 /* Localizable.strings in Resources */ = {isa = PBXBuildFile; fileRef = D4B809C7243D09C70024EE04 /* Localizable.strings */; };
		D4B809D1243D30530024EE04 /* NetworkManager.swift in Sources */ = {isa = PBXBuildFile; fileRef = D4B809D0243D30530024EE04 /* NetworkManager.swift */; };
		D4B809DA243D30590024EE04 /* FactDetails.swift in Sources */ = {isa = PBXBuildFile; fileRef = D4B809D4243D30590024EE04 /* FactDetails.swift */; };
		D4B809DB243D30590024EE04 /* FactsViewModel.swift in Sources */ = {isa = PBXBuildFile; fileRef = D4B809D5243D30590024EE04 /* FactsViewModel.swift */; };
		D4B809DC243D30590024EE04 /* FactsViewController.swift in Sources */ = {isa = PBXBuildFile; fileRef = D4B809D6243D30590024EE04 /* FactsViewController.swift */; };
		D4B809DD243D30590024EE04 /* FactsService.swift in Sources */ = {isa = PBXBuildFile; fileRef = D4B809D9243D30590024EE04 /* FactsService.swift */; };
		D4B809E0243D32FE0024EE04 /* AppBundle.swift in Sources */ = {isa = PBXBuildFile; fileRef = D4B809DF243D32FE0024EE04 /* AppBundle.swift */; };
		D4B809E2243D33590024EE04 /* FactsConstants.swift in Sources */ = {isa = PBXBuildFile; fileRef = D4B809E1243D33590024EE04 /* FactsConstants.swift */; };
		D4B809E4243D387A0024EE04 /* FactsTableView.swift in Sources */ = {isa = PBXBuildFile; fileRef = D4B809E3243D387A0024EE04 /* FactsTableView.swift */; };
		DC168C425F9B4F927EA509C8 /* Pods_FactsCheck.framework in Frameworks */ = {isa = PBXBuildFile; fileRef = E8B9DB683D863FDD5B03EC75 /* Pods_FactsCheck.framework */; };
/* End PBXBuildFile section */

/* Begin PBXContainerItemProxy section */
		D436757F243CEBEE0004A1C1 /* PBXContainerItemProxy */ = {
			isa = PBXContainerItemProxy;
			containerPortal = D4367560243CEBEC0004A1C1 /* Project object */;
			proxyType = 1;
			remoteGlobalIDString = D4367567243CEBEC0004A1C1;
			remoteInfo = FactsCheck;
		};
/* End PBXContainerItemProxy section */

/* Begin PBXFileReference section */
		942959A57404AB628359D038 /* Pods-FactsCheck.debug.xcconfig */ = {isa = PBXFileReference; includeInIndex = 1; lastKnownFileType = text.xcconfig; name = "Pods-FactsCheck.debug.xcconfig"; path = "Target Support Files/Pods-FactsCheck/Pods-FactsCheck.debug.xcconfig"; sourceTree = "<group>"; };
		977F3239BEC3802510E737E3 /* Pods-FactsCheck.release.xcconfig */ = {isa = PBXFileReference; includeInIndex = 1; lastKnownFileType = text.xcconfig; name = "Pods-FactsCheck.release.xcconfig"; path = "Target Support Files/Pods-FactsCheck/Pods-FactsCheck.release.xcconfig"; sourceTree = "<group>"; };
		D42A3879243F51E70065576D /* FactsServiceTests.swift */ = {isa = PBXFileReference; lastKnownFileType = sourcecode.swift; path = FactsServiceTests.swift; sourceTree = "<group>"; };
		D42A387C243F53B70065576D /* Mockfacts.json */ = {isa = PBXFileReference; fileEncoding = 4; lastKnownFileType = text.json; path = Mockfacts.json; sourceTree = "<group>"; };
		D42A3884243F55080065576D /* Info.plist */ = {isa = PBXFileReference; lastKnownFileType = text.plist.xml; path = Info.plist; sourceTree = "<group>"; };
		D42A388C243F56F30065576D /* XCTestcase+Extension.swift */ = {isa = PBXFileReference; lastKnownFileType = sourcecode.swift; path = "XCTestcase+Extension.swift"; sourceTree = "<group>"; };
		D42A388F243F5A7B0065576D /* AppBundleTests.swift */ = {isa = PBXFileReference; lastKnownFileType = sourcecode.swift; path = AppBundleTests.swift; sourceTree = "<group>"; };
		D42A3891243F5BA70065576D /* FactsViewModelTests.swift */ = {isa = PBXFileReference; lastKnownFileType = sourcecode.swift; path = FactsViewModelTests.swift; sourceTree = "<group>"; };
		D42A3895243F5FAE0065576D /* FactsServiceProtocolMock.swift */ = {isa = PBXFileReference; lastKnownFileType = sourcecode.swift; path = FactsServiceProtocolMock.swift; sourceTree = "<group>"; };
		D42A389C243F6C4B0065576D /* NetworkManagerTests.swift */ = {isa = PBXFileReference; lastKnownFileType = sourcecode.swift; path = NetworkManagerTests.swift; sourceTree = "<group>"; };
		D42A389E243F72440065576D /* FactsTableViewTests.swift */ = {isa = PBXFileReference; lastKnownFileType = sourcecode.swift; path = FactsTableViewTests.swift; sourceTree = "<group>"; };
		D42A38A0243F738E0065576D /* mockImage.png */ = {isa = PBXFileReference; lastKnownFileType = image.png; path = mockImage.png; sourceTree = "<group>"; };
		D42A38A2243F740B0065576D /* FactDetailsMock.swift */ = {isa = PBXFileReference; lastKnownFileType = sourcecode.swift; path = FactDetailsMock.swift; sourceTree = "<group>"; };
		D42A38A5243F80A00065576D /* FactsTableViewCellTests.swift */ = {isa = PBXFileReference; lastKnownFileType = sourcecode.swift; path = FactsTableViewCellTests.swift; sourceTree = "<group>"; };
		D42A38A7243F84EB0065576D /* FactsViewControllerTests.swift */ = {isa = PBXFileReference; lastKnownFileType = sourcecode.swift; path = FactsViewControllerTests.swift; sourceTree = "<group>"; };
		D4367568243CEBEC0004A1C1 /* FactsCheck.app */ = {isa = PBXFileReference; explicitFileType = wrapper.application; includeInIndex = 0; path = FactsCheck.app; sourceTree = BUILT_PRODUCTS_DIR; };
		D436756B243CEBEC0004A1C1 /* AppDelegate.swift */ = {isa = PBXFileReference; lastKnownFileType = sourcecode.swift; path = AppDelegate.swift; sourceTree = "<group>"; };
		D436756D243CEBEC0004A1C1 /* SceneDelegate.swift */ = {isa = PBXFileReference; lastKnownFileType = sourcecode.swift; path = SceneDelegate.swift; sourceTree = "<group>"; };
		D4367574243CEBEE0004A1C1 /* Assets.xcassets */ = {isa = PBXFileReference; lastKnownFileType = folder.assetcatalog; path = Assets.xcassets; sourceTree = "<group>"; };
		D4367577243CEBEE0004A1C1 /* Base */ = {isa = PBXFileReference; lastKnownFileType = file.storyboard; name = Base; path = Base.lproj/LaunchScreen.storyboard; sourceTree = "<group>"; };
		D4367579243CEBEE0004A1C1 /* Info.plist */ = {isa = PBXFileReference; lastKnownFileType = text.plist.xml; path = Info.plist; sourceTree = "<group>"; };
		D436757E243CEBEE0004A1C1 /* FactsCheckTests.xctest */ = {isa = PBXFileReference; explicitFileType = wrapper.cfbundle; includeInIndex = 0; path = FactsCheckTests.xctest; sourceTree = BUILT_PRODUCTS_DIR; };
		D4367584243CEBEE0004A1C1 /* Info.plist */ = {isa = PBXFileReference; lastKnownFileType = text.plist.xml; path = Info.plist; sourceTree = "<group>"; };
		D4375BD3243F41A80051AFAF /* AlertView.swift */ = {isa = PBXFileReference; lastKnownFileType = sourcecode.swift; path = AlertView.swift; sourceTree = "<group>"; };
		D4375BD5243F46300051AFAF /* ActivityIndicator.swift */ = {isa = PBXFileReference; fileEncoding = 4; lastKnownFileType = sourcecode.swift; path = ActivityIndicator.swift; sourceTree = "<group>"; };
		D43F31CD243DB6D8009E789C /* UIView+Extension.swift */ = {isa = PBXFileReference; lastKnownFileType = sourcecode.swift; path = "UIView+Extension.swift"; sourceTree = "<group>"; };
		D43F31D1243DD1E6009E789C /* FactsTableViewCell.swift */ = {isa = PBXFileReference; lastKnownFileType = sourcecode.swift; path = FactsTableViewCell.swift; sourceTree = "<group>"; };
		D43F31D7243DDD25009E789C /* UITableViewCell+Extension.swift */ = {isa = PBXFileReference; lastKnownFileType = sourcecode.swift; path = "UITableViewCell+Extension.swift"; sourceTree = "<group>"; };
		D472EAE6243E42870037AF1B /* UIImageView+Download.swift */ = {isa = PBXFileReference; lastKnownFileType = sourcecode.swift; path = "UIImageView+Download.swift"; sourceTree = "<group>"; };
		D47FE450243F29CE007DA373 /* FactsBuilder.swift */ = {isa = PBXFileReference; lastKnownFileType = sourcecode.swift; path = FactsBuilder.swift; sourceTree = "<group>"; };
		D47FE452243F2C5F007DA373 /* UIWindow+ViewContoller.swift */ = {isa = PBXFileReference; lastKnownFileType = sourcecode.swift; path = "UIWindow+ViewContoller.swift"; sourceTree = "<group>"; };
		D4B809C7243D09C70024EE04 /* Localizable.strings */ = {isa = PBXFileReference; lastKnownFileType = text.plist.strings; path = Localizable.strings; sourceTree = "<group>"; };
		D4B809D0243D30530024EE04 /* NetworkManager.swift */ = {isa = PBXFileReference; fileEncoding = 4; lastKnownFileType = sourcecode.swift; path = NetworkManager.swift; sourceTree = "<group>"; };
		D4B809D4243D30590024EE04 /* FactDetails.swift */ = {isa = PBXFileReference; fileEncoding = 4; lastKnownFileType = sourcecode.swift; path = FactDetails.swift; sourceTree = "<group>"; };
		D4B809D5243D30590024EE04 /* FactsViewModel.swift */ = {isa = PBXFileReference; fileEncoding = 4; lastKnownFileType = sourcecode.swift; path = FactsViewModel.swift; sourceTree = "<group>"; };
		D4B809D6243D30590024EE04 /* FactsViewController.swift */ = {isa = PBXFileReference; fileEncoding = 4; lastKnownFileType = sourcecode.swift; path = FactsViewController.swift; sourceTree = "<group>"; };
		D4B809D9243D30590024EE04 /* FactsService.swift */ = {isa = PBXFileReference; fileEncoding = 4; lastKnownFileType = sourcecode.swift; path = FactsService.swift; sourceTree = "<group>"; };
		D4B809DF243D32FE0024EE04 /* AppBundle.swift */ = {isa = PBXFileReference; lastKnownFileType = sourcecode.swift; path = AppBundle.swift; sourceTree = "<group>"; };
		D4B809E1243D33590024EE04 /* FactsConstants.swift */ = {isa = PBXFileReference; lastKnownFileType = sourcecode.swift; path = FactsConstants.swift; sourceTree = "<group>"; };
		D4B809E3243D387A0024EE04 /* FactsTableView.swift */ = {isa = PBXFileReference; lastKnownFileType = sourcecode.swift; path = FactsTableView.swift; sourceTree = "<group>"; };
		E8B9DB683D863FDD5B03EC75 /* Pods_FactsCheck.framework */ = {isa = PBXFileReference; explicitFileType = wrapper.framework; includeInIndex = 0; path = Pods_FactsCheck.framework; sourceTree = BUILT_PRODUCTS_DIR; };
/* End PBXFileReference section */

/* Begin PBXFrameworksBuildPhase section */
		D4367565243CEBEC0004A1C1 /* Frameworks */ = {
			isa = PBXFrameworksBuildPhase;
			buildActionMask = 2147483647;
			files = (
				DC168C425F9B4F927EA509C8 /* Pods_FactsCheck.framework in Frameworks */,
			);
			runOnlyForDeploymentPostprocessing = 0;
		};
		D436757B243CEBEE0004A1C1 /* Frameworks */ = {
			isa = PBXFrameworksBuildPhase;
			buildActionMask = 2147483647;
			files = (
			);
			runOnlyForDeploymentPostprocessing = 0;
		};
/* End PBXFrameworksBuildPhase section */

/* Begin PBXGroup section */
		8757E44AC99CAFBFA51C57D3 /* Pods */ = {
			isa = PBXGroup;
			children = (
				942959A57404AB628359D038 /* Pods-FactsCheck.debug.xcconfig */,
				977F3239BEC3802510E737E3 /* Pods-FactsCheck.release.xcconfig */,
			);
			path = Pods;
			sourceTree = "<group>";
		};
		98C6CB5E89FBB10BECFE6312 /* Frameworks */ = {
			isa = PBXGroup;
			children = (
				E8B9DB683D863FDD5B03EC75 /* Pods_FactsCheck.framework */,
			);
			name = Frameworks;
			sourceTree = "<group>";
		};
		D42A387B243F53B70065576D /* Mocks */ = {
			isa = PBXGroup;
			children = (
				D42A38A0243F738E0065576D /* mockImage.png */,
				D42A387C243F53B70065576D /* Mockfacts.json */,
				D42A388C243F56F30065576D /* XCTestcase+Extension.swift */,
				D42A38A2243F740B0065576D /* FactDetailsMock.swift */,
				D42A3895243F5FAE0065576D /* FactsServiceProtocolMock.swift */,
			);
			path = Mocks;
			sourceTree = "<group>";
		};
		D42A3883243F55080065576D /* FactsMockBundle */ = {
			isa = PBXGroup;
			children = (
				D42A3884243F55080065576D /* Info.plist */,
			);
			path = FactsMockBundle;
			sourceTree = "<group>";
		};
		D42A389B243F67200065576D /* Tests */ = {
			isa = PBXGroup;
			children = (
				D42A388F243F5A7B0065576D /* AppBundleTests.swift */,
				D42A3891243F5BA70065576D /* FactsViewModelTests.swift */,
				D42A3879243F51E70065576D /* FactsServiceTests.swift */,
				D42A389C243F6C4B0065576D /* NetworkManagerTests.swift */,
				D42A389E243F72440065576D /* FactsTableViewTests.swift */,
				D42A38A5243F80A00065576D /* FactsTableViewCellTests.swift */,
				D42A38A7243F84EB0065576D /* FactsViewControllerTests.swift */,
			);
			path = Tests;
			sourceTree = "<group>";
		};
		D436755F243CEBEC0004A1C1 = {
			isa = PBXGroup;
			children = (
				D436756A243CEBEC0004A1C1 /* FactsCheck */,
				D4367581243CEBEE0004A1C1 /* FactsCheckTests */,
				D42A3883243F55080065576D /* FactsMockBundle */,
				D4367569243CEBEC0004A1C1 /* Products */,
				8757E44AC99CAFBFA51C57D3 /* Pods */,
				98C6CB5E89FBB10BECFE6312 /* Frameworks */,
			);
			sourceTree = "<group>";
		};
		D4367569243CEBEC0004A1C1 /* Products */ = {
			isa = PBXGroup;
			children = (
				D4367568243CEBEC0004A1C1 /* FactsCheck.app */,
				D436757E243CEBEE0004A1C1 /* FactsCheckTests.xctest */,
			);
			name = Products;
			sourceTree = "<group>";
		};
		D436756A243CEBEC0004A1C1 /* FactsCheck */ = {
			isa = PBXGroup;
			children = (
				D4B809DE243D32ED0024EE04 /* Utilities */,
				D4B809D2243D30590024EE04 /* FactDetails */,
				D4B809CF243D30530024EE04 /* Mangers */,
				D4B809C6243D09950024EE04 /* Resources */,
				D436756B243CEBEC0004A1C1 /* AppDelegate.swift */,
				D436756D243CEBEC0004A1C1 /* SceneDelegate.swift */,
				D4367576243CEBEE0004A1C1 /* LaunchScreen.storyboard */,
				D4367579243CEBEE0004A1C1 /* Info.plist */,
			);
			path = FactsCheck;
			sourceTree = "<group>";
		};
		D4367581243CEBEE0004A1C1 /* FactsCheckTests */ = {
			isa = PBXGroup;
			children = (
				D42A389B243F67200065576D /* Tests */,
				D42A387B243F53B70065576D /* Mocks */,
				D4367584243CEBEE0004A1C1 /* Info.plist */,
			);
			path = FactsCheckTests;
			sourceTree = "<group>";
		};
		D4B809C6243D09950024EE04 /* Resources */ = {
			isa = PBXGroup;
			children = (
				D4367574243CEBEE0004A1C1 /* Assets.xcassets */,
				D4B809C7243D09C70024EE04 /* Localizable.strings */,
			);
			path = Resources;
			sourceTree = "<group>";
		};
		D4B809CF243D30530024EE04 /* Mangers */ = {
			isa = PBXGroup;
			children = (
				D4B809D0243D30530024EE04 /* NetworkManager.swift */,
			);
			path = Mangers;
			sourceTree = "<group>";
		};
		D4B809D2243D30590024EE04 /* FactDetails */ = {
			isa = PBXGroup;
			children = (
				D4B809E1243D33590024EE04 /* FactsConstants.swift */,
				D4B809D3243D30590024EE04 /* Models */,
				D4B809D6243D30590024EE04 /* FactsViewController.swift */,
				D4B809D7243D30590024EE04 /* View */,
				D4B809D8243D30590024EE04 /* Service */,
				D47FE450243F29CE007DA373 /* FactsBuilder.swift */,
			);
			path = FactDetails;
			sourceTree = "<group>";
		};
		D4B809D3243D30590024EE04 /* Models */ = {
			isa = PBXGroup;
			children = (
				D4B809D4243D30590024EE04 /* FactDetails.swift */,
				D4B809D5243D30590024EE04 /* FactsViewModel.swift */,
			);
			path = Models;
			sourceTree = "<group>";
		};
		D4B809D7243D30590024EE04 /* View */ = {
			isa = PBXGroup;
			children = (
				D4B809E3243D387A0024EE04 /* FactsTableView.swift */,
				D43F31D1243DD1E6009E789C /* FactsTableViewCell.swift */,
			);
			path = View;
			sourceTree = "<group>";
		};
		D4B809D8243D30590024EE04 /* Service */ = {
			isa = PBXGroup;
			children = (
				D4B809D9243D30590024EE04 /* FactsService.swift */,
			);
			path = Service;
			sourceTree = "<group>";
		};
		D4B809DE243D32ED0024EE04 /* Utilities */ = {
			isa = PBXGroup;
			children = (
				D4B809DF243D32FE0024EE04 /* AppBundle.swift */,
				D43F31CD243DB6D8009E789C /* UIView+Extension.swift */,
				D43F31D7243DDD25009E789C /* UITableViewCell+Extension.swift */,
				D472EAE6243E42870037AF1B /* UIImageView+Download.swift */,
				D47FE452243F2C5F007DA373 /* UIWindow+ViewContoller.swift */,
				D4375BD5243F46300051AFAF /* ActivityIndicator.swift */,
				D4375BD3243F41A80051AFAF /* AlertView.swift */,
			);
			path = Utilities;
			sourceTree = "<group>";
		};
/* End PBXGroup section */

/* Begin PBXNativeTarget section */
		D4367567243CEBEC0004A1C1 /* FactsCheck */ = {
			isa = PBXNativeTarget;
			buildConfigurationList = D4367592243CEBEE0004A1C1 /* Build configuration list for PBXNativeTarget "FactsCheck" */;
			buildPhases = (
				ECAB8EB8E95F62931A3167A8 /* [CP] Check Pods Manifest.lock */,
				D4367564243CEBEC0004A1C1 /* Sources */,
				D4367565243CEBEC0004A1C1 /* Frameworks */,
				D4367566243CEBEC0004A1C1 /* Resources */,
			);
			buildRules = (
			);
			dependencies = (
			);
			name = FactsCheck;
			productName = FactsCheck;
			productReference = D4367568243CEBEC0004A1C1 /* FactsCheck.app */;
			productType = "com.apple.product-type.application";
		};
		D436757D243CEBEE0004A1C1 /* FactsCheckTests */ = {
			isa = PBXNativeTarget;
			buildConfigurationList = D4367595243CEBEE0004A1C1 /* Build configuration list for PBXNativeTarget "FactsCheckTests" */;
			buildPhases = (
				D436757A243CEBEE0004A1C1 /* Sources */,
				D436757B243CEBEE0004A1C1 /* Frameworks */,
				D436757C243CEBEE0004A1C1 /* Resources */,
			);
			buildRules = (
			);
			dependencies = (
				D4367580243CEBEE0004A1C1 /* PBXTargetDependency */,
			);
			name = FactsCheckTests;
			productName = FactsCheckTests;
			productReference = D436757E243CEBEE0004A1C1 /* FactsCheckTests.xctest */;
			productType = "com.apple.product-type.bundle.unit-test";
		};
/* End PBXNativeTarget section */

/* Begin PBXProject section */
		D4367560243CEBEC0004A1C1 /* Project object */ = {
			isa = PBXProject;
			attributes = {
				LastSwiftUpdateCheck = 1130;
				LastUpgradeCheck = 1130;
				ORGANIZATIONNAME = "Praveen P";
				TargetAttributes = {
					D4367567243CEBEC0004A1C1 = {
						CreatedOnToolsVersion = 11.3.1;
					};
					D436757D243CEBEE0004A1C1 = {
						CreatedOnToolsVersion = 11.3.1;
						TestTargetID = D4367567243CEBEC0004A1C1;
					};
				};
			};
			buildConfigurationList = D4367563243CEBEC0004A1C1 /* Build configuration list for PBXProject "FactsCheck" */;
			compatibilityVersion = "Xcode 9.3";
			developmentRegion = en;
			hasScannedForEncodings = 0;
			knownRegions = (
				en,
				Base,
			);
			mainGroup = D436755F243CEBEC0004A1C1;
			productRefGroup = D4367569243CEBEC0004A1C1 /* Products */;
			projectDirPath = "";
			projectRoot = "";
			targets = (
				D4367567243CEBEC0004A1C1 /* FactsCheck */,
				D436757D243CEBEE0004A1C1 /* FactsCheckTests */,
			);
		};
/* End PBXProject section */

/* Begin PBXResourcesBuildPhase section */
		D4367566243CEBEC0004A1C1 /* Resources */ = {
			isa = PBXResourcesBuildPhase;
			buildActionMask = 2147483647;
			files = (
				D4367578243CEBEE0004A1C1 /* LaunchScreen.storyboard in Resources */,
				D4B809C8243D09C70024EE04 /* Localizable.strings in Resources */,
				D4367575243CEBEE0004A1C1 /* Assets.xcassets in Resources */,
			);
			runOnlyForDeploymentPostprocessing = 0;
		};
		D436757C243CEBEE0004A1C1 /* Resources */ = {
			isa = PBXResourcesBuildPhase;
			buildActionMask = 2147483647;
			files = (
				D42A388E243F57A40065576D /* Mockfacts.json in Resources */,
				D42A38A1243F738E0065576D /* mockImage.png in Resources */,
			);
			runOnlyForDeploymentPostprocessing = 0;
		};
/* End PBXResourcesBuildPhase section */

/* Begin PBXShellScriptBuildPhase section */
		ECAB8EB8E95F62931A3167A8 /* [CP] Check Pods Manifest.lock */ = {
			isa = PBXShellScriptBuildPhase;
			buildActionMask = 2147483647;
			files = (
			);
			inputFileListPaths = (
			);
			inputPaths = (
				"${PODS_PODFILE_DIR_PATH}/Podfile.lock",
				"${PODS_ROOT}/Manifest.lock",
			);
			name = "[CP] Check Pods Manifest.lock";
			outputFileListPaths = (
			);
			outputPaths = (
				"$(DERIVED_FILE_DIR)/Pods-FactsCheck-checkManifestLockResult.txt",
			);
			runOnlyForDeploymentPostprocessing = 0;
			shellPath = /bin/sh;
			shellScript = "diff \"${PODS_PODFILE_DIR_PATH}/Podfile.lock\" \"${PODS_ROOT}/Manifest.lock\" > /dev/null\nif [ $? != 0 ] ; then\n    # print error to STDERR\n    echo \"error: The sandbox is not in sync with the Podfile.lock. Run 'pod install' or update your CocoaPods installation.\" >&2\n    exit 1\nfi\n# This output is used by Xcode 'outputs' to avoid re-running this script phase.\necho \"SUCCESS\" > \"${SCRIPT_OUTPUT_FILE_0}\"\n";
			showEnvVarsInLog = 0;
		};
/* End PBXShellScriptBuildPhase section */

/* Begin PBXSourcesBuildPhase section */
		D4367564243CEBEC0004A1C1 /* Sources */ = {
			isa = PBXSourcesBuildPhase;
			buildActionMask = 2147483647;
			files = (
				D4B809DA243D30590024EE04 /* FactDetails.swift in Sources */,
				D4B809D1243D30530024EE04 /* NetworkManager.swift in Sources */,
				D4375BD6243F46300051AFAF /* ActivityIndicator.swift in Sources */,
				D43F31CE243DB6D8009E789C /* UIView+Extension.swift in Sources */,
				D4B809DD243D30590024EE04 /* FactsService.swift in Sources */,
				D4B809DC243D30590024EE04 /* FactsViewController.swift in Sources */,
				D47FE453243F2C5F007DA373 /* UIWindow+ViewContoller.swift in Sources */,
				D47FE451243F29CE007DA373 /* FactsBuilder.swift in Sources */,
				D4B809DB243D30590024EE04 /* FactsViewModel.swift in Sources */,
				D4B809E0243D32FE0024EE04 /* AppBundle.swift in Sources */,
				D436756C243CEBEC0004A1C1 /* AppDelegate.swift in Sources */,
				D436756E243CEBEC0004A1C1 /* SceneDelegate.swift in Sources */,
				D43F31D2243DD1E6009E789C /* FactsTableViewCell.swift in Sources */,
				D4B809E2243D33590024EE04 /* FactsConstants.swift in Sources */,
				D472EAE7243E42870037AF1B /* UIImageView+Download.swift in Sources */,
				D4B809E4243D387A0024EE04 /* FactsTableView.swift in Sources */,
				D43F31D8243DDD25009E789C /* UITableViewCell+Extension.swift in Sources */,
				D4375BD4243F41A80051AFAF /* AlertView.swift in Sources */,
			);
			runOnlyForDeploymentPostprocessing = 0;
		};
		D436757A243CEBEE0004A1C1 /* Sources */ = {
			isa = PBXSourcesBuildPhase;
			buildActionMask = 2147483647;
			files = (
				D42A389D243F6C4B0065576D /* NetworkManagerTests.swift in Sources */,
				D42A389F243F72440065576D /* FactsTableViewTests.swift in Sources */,
				D42A38A3243F740B0065576D /* FactDetailsMock.swift in Sources */,
				D42A3892243F5BA70065576D /* FactsViewModelTests.swift in Sources */,
				D42A388D243F56F30065576D /* XCTestcase+Extension.swift in Sources */,
				D42A3890243F5A7B0065576D /* AppBundleTests.swift in Sources */,
				D42A387A243F51E70065576D /* FactsServiceTests.swift in Sources */,
				D42A38A8243F84EB0065576D /* FactsViewControllerTests.swift in Sources */,
				D42A3896243F5FAE0065576D /* FactsServiceProtocolMock.swift in Sources */,
				D42A38A6243F80A00065576D /* FactsTableViewCellTests.swift in Sources */,
			);
			runOnlyForDeploymentPostprocessing = 0;
		};
/* End PBXSourcesBuildPhase section */

/* Begin PBXTargetDependency section */
		D4367580243CEBEE0004A1C1 /* PBXTargetDependency */ = {
			isa = PBXTargetDependency;
			target = D4367567243CEBEC0004A1C1 /* FactsCheck */;
			targetProxy = D436757F243CEBEE0004A1C1 /* PBXContainerItemProxy */;
		};
/* End PBXTargetDependency section */

/* Begin PBXVariantGroup section */
		D4367576243CEBEE0004A1C1 /* LaunchScreen.storyboard */ = {
			isa = PBXVariantGroup;
			children = (
				D4367577243CEBEE0004A1C1 /* Base */,
			);
			name = LaunchScreen.storyboard;
			sourceTree = "<group>";
		};
/* End PBXVariantGroup section */

/* Begin XCBuildConfiguration section */
		D4367590243CEBEE0004A1C1 /* Debug */ = {
			isa = XCBuildConfiguration;
			buildSettings = {
				ALWAYS_SEARCH_USER_PATHS = NO;
				CLANG_ANALYZER_NONNULL = YES;
				CLANG_ANALYZER_NUMBER_OBJECT_CONVERSION = YES_AGGRESSIVE;
				CLANG_CXX_LANGUAGE_STANDARD = "gnu++14";
				CLANG_CXX_LIBRARY = "libc++";
				CLANG_ENABLE_MODULES = YES;
				CLANG_ENABLE_OBJC_ARC = YES;
				CLANG_ENABLE_OBJC_WEAK = YES;
				CLANG_WARN_BLOCK_CAPTURE_AUTORELEASING = YES;
				CLANG_WARN_BOOL_CONVERSION = YES;
				CLANG_WARN_COMMA = YES;
				CLANG_WARN_CONSTANT_CONVERSION = YES;
				CLANG_WARN_DEPRECATED_OBJC_IMPLEMENTATIONS = YES;
				CLANG_WARN_DIRECT_OBJC_ISA_USAGE = YES_ERROR;
				CLANG_WARN_DOCUMENTATION_COMMENTS = YES;
				CLANG_WARN_EMPTY_BODY = YES;
				CLANG_WARN_ENUM_CONVERSION = YES;
				CLANG_WARN_INFINITE_RECURSION = YES;
				CLANG_WARN_INT_CONVERSION = YES;
				CLANG_WARN_NON_LITERAL_NULL_CONVERSION = YES;
				CLANG_WARN_OBJC_IMPLICIT_RETAIN_SELF = YES;
				CLANG_WARN_OBJC_LITERAL_CONVERSION = YES;
				CLANG_WARN_OBJC_ROOT_CLASS = YES_ERROR;
				CLANG_WARN_RANGE_LOOP_ANALYSIS = YES;
				CLANG_WARN_STRICT_PROTOTYPES = YES;
				CLANG_WARN_SUSPICIOUS_MOVE = YES;
				CLANG_WARN_UNGUARDED_AVAILABILITY = YES_AGGRESSIVE;
				CLANG_WARN_UNREACHABLE_CODE = YES;
				CLANG_WARN__DUPLICATE_METHOD_MATCH = YES;
				COPY_PHASE_STRIP = NO;
				DEBUG_INFORMATION_FORMAT = dwarf;
				ENABLE_STRICT_OBJC_MSGSEND = YES;
				ENABLE_TESTABILITY = YES;
				GCC_C_LANGUAGE_STANDARD = gnu11;
				GCC_DYNAMIC_NO_PIC = NO;
				GCC_NO_COMMON_BLOCKS = YES;
				GCC_OPTIMIZATION_LEVEL = 0;
				GCC_PREPROCESSOR_DEFINITIONS = (
					"DEBUG=1",
					"$(inherited)",
				);
				GCC_WARN_64_TO_32_BIT_CONVERSION = YES;
				GCC_WARN_ABOUT_RETURN_TYPE = YES_ERROR;
				GCC_WARN_UNDECLARED_SELECTOR = YES;
				GCC_WARN_UNINITIALIZED_AUTOS = YES_AGGRESSIVE;
				GCC_WARN_UNUSED_FUNCTION = YES;
				GCC_WARN_UNUSED_VARIABLE = YES;
				IPHONEOS_DEPLOYMENT_TARGET = 11.0;
				MTL_ENABLE_DEBUG_INFO = INCLUDE_SOURCE;
				MTL_FAST_MATH = YES;
				ONLY_ACTIVE_ARCH = YES;
				SDKROOT = iphoneos;
				SWIFT_ACTIVE_COMPILATION_CONDITIONS = DEBUG;
				SWIFT_OPTIMIZATION_LEVEL = "-Onone";
			};
			name = Debug;
		};
		D4367591243CEBEE0004A1C1 /* Release */ = {
			isa = XCBuildConfiguration;
			buildSettings = {
				ALWAYS_SEARCH_USER_PATHS = NO;
				CLANG_ANALYZER_NONNULL = YES;
				CLANG_ANALYZER_NUMBER_OBJECT_CONVERSION = YES_AGGRESSIVE;
				CLANG_CXX_LANGUAGE_STANDARD = "gnu++14";
				CLANG_CXX_LIBRARY = "libc++";
				CLANG_ENABLE_MODULES = YES;
				CLANG_ENABLE_OBJC_ARC = YES;
				CLANG_ENABLE_OBJC_WEAK = YES;
				CLANG_WARN_BLOCK_CAPTURE_AUTORELEASING = YES;
				CLANG_WARN_BOOL_CONVERSION = YES;
				CLANG_WARN_COMMA = YES;
				CLANG_WARN_CONSTANT_CONVERSION = YES;
				CLANG_WARN_DEPRECATED_OBJC_IMPLEMENTATIONS = YES;
				CLANG_WARN_DIRECT_OBJC_ISA_USAGE = YES_ERROR;
				CLANG_WARN_DOCUMENTATION_COMMENTS = YES;
				CLANG_WARN_EMPTY_BODY = YES;
				CLANG_WARN_ENUM_CONVERSION = YES;
				CLANG_WARN_INFINITE_RECURSION = YES;
				CLANG_WARN_INT_CONVERSION = YES;
				CLANG_WARN_NON_LITERAL_NULL_CONVERSION = YES;
				CLANG_WARN_OBJC_IMPLICIT_RETAIN_SELF = YES;
				CLANG_WARN_OBJC_LITERAL_CONVERSION = YES;
				CLANG_WARN_OBJC_ROOT_CLASS = YES_ERROR;
				CLANG_WARN_RANGE_LOOP_ANALYSIS = YES;
				CLANG_WARN_STRICT_PROTOTYPES = YES;
				CLANG_WARN_SUSPICIOUS_MOVE = YES;
				CLANG_WARN_UNGUARDED_AVAILABILITY = YES_AGGRESSIVE;
				CLANG_WARN_UNREACHABLE_CODE = YES;
				CLANG_WARN__DUPLICATE_METHOD_MATCH = YES;
				COPY_PHASE_STRIP = NO;
				DEBUG_INFORMATION_FORMAT = "dwarf-with-dsym";
				ENABLE_NS_ASSERTIONS = NO;
				ENABLE_STRICT_OBJC_MSGSEND = YES;
				GCC_C_LANGUAGE_STANDARD = gnu11;
				GCC_NO_COMMON_BLOCKS = YES;
				GCC_WARN_64_TO_32_BIT_CONVERSION = YES;
				GCC_WARN_ABOUT_RETURN_TYPE = YES_ERROR;
				GCC_WARN_UNDECLARED_SELECTOR = YES;
				GCC_WARN_UNINITIALIZED_AUTOS = YES_AGGRESSIVE;
				GCC_WARN_UNUSED_FUNCTION = YES;
				GCC_WARN_UNUSED_VARIABLE = YES;
				IPHONEOS_DEPLOYMENT_TARGET = 11.0;
				MTL_ENABLE_DEBUG_INFO = NO;
				MTL_FAST_MATH = YES;
				SDKROOT = iphoneos;
				SWIFT_COMPILATION_MODE = wholemodule;
				SWIFT_OPTIMIZATION_LEVEL = "-O";
				VALIDATE_PRODUCT = YES;
			};
			name = Release;
		};
		D4367593243CEBEE0004A1C1 /* Debug */ = {
			isa = XCBuildConfiguration;
			baseConfigurationReference = 942959A57404AB628359D038 /* Pods-FactsCheck.debug.xcconfig */;
			buildSettings = {
				ASSETCATALOG_COMPILER_APPICON_NAME = AppIcon;
				CODE_SIGN_STYLE = Automatic;
				DEVELOPMENT_TEAM = W6W48SVQX7;
				INFOPLIST_FILE = FactsCheck/Info.plist;
				LD_RUNPATH_SEARCH_PATHS = (
					"$(inherited)",
					"@executable_path/Frameworks",
				);
				PRODUCT_BUNDLE_IDENTIFIER = com.ft.FactsCheck;
				PRODUCT_NAME = "$(TARGET_NAME)";
				SWIFT_VERSION = 5.0;
				TARGETED_DEVICE_FAMILY = "1,2";
			};
			name = Debug;
		};
		D4367594243CEBEE0004A1C1 /* Release */ = {
			isa = XCBuildConfiguration;
			baseConfigurationReference = 977F3239BEC3802510E737E3 /* Pods-FactsCheck.release.xcconfig */;
			buildSettings = {
				ASSETCATALOG_COMPILER_APPICON_NAME = AppIcon;
				CODE_SIGN_STYLE = Automatic;
				DEVELOPMENT_TEAM = W6W48SVQX7;
				INFOPLIST_FILE = FactsCheck/Info.plist;
				LD_RUNPATH_SEARCH_PATHS = (
					"$(inherited)",
					"@executable_path/Frameworks",
				);
				PRODUCT_BUNDLE_IDENTIFIER = com.ft.FactsCheck;
				PRODUCT_NAME = "$(TARGET_NAME)";
				SWIFT_VERSION = 5.0;
				TARGETED_DEVICE_FAMILY = "1,2";
			};
			name = Release;
		};
		D4367596243CEBEE0004A1C1 /* Debug */ = {
			isa = XCBuildConfiguration;
			buildSettings = {
				ALWAYS_EMBED_SWIFT_STANDARD_LIBRARIES = YES;
				BUNDLE_LOADER = "$(TEST_HOST)";
				CODE_SIGN_STYLE = Automatic;
				DEVELOPMENT_TEAM = W6W48SVQX7;
				INFOPLIST_FILE = FactsCheckTests/Info.plist;
				IPHONEOS_DEPLOYMENT_TARGET = 13.2;
				LD_RUNPATH_SEARCH_PATHS = (
					"$(inherited)",
					"@executable_path/Frameworks",
					"@loader_path/Frameworks",
				);
				PRODUCT_BUNDLE_IDENTIFIER = com.ft.FactsCheckTests;
				PRODUCT_NAME = "$(TARGET_NAME)";
				SWIFT_VERSION = 5.0;
				TARGETED_DEVICE_FAMILY = "1,2";
				TEST_HOST = "$(BUILT_PRODUCTS_DIR)/FactsCheck.app/FactsCheck";
			};
			name = Debug;
		};
		D4367597243CEBEE0004A1C1 /* Release */ = {
			isa = XCBuildConfiguration;
			buildSettings = {
				ALWAYS_EMBED_SWIFT_STANDARD_LIBRARIES = YES;
				BUNDLE_LOADER = "$(TEST_HOST)";
				CODE_SIGN_STYLE = Automatic;
				DEVELOPMENT_TEAM = W6W48SVQX7;
				INFOPLIST_FILE = FactsCheckTests/Info.plist;
				IPHONEOS_DEPLOYMENT_TARGET = 13.2;
				LD_RUNPATH_SEARCH_PATHS = (
					"$(inherited)",
					"@executable_path/Frameworks",
					"@loader_path/Frameworks",
				);
				PRODUCT_BUNDLE_IDENTIFIER = com.ft.FactsCheckTests;
				PRODUCT_NAME = "$(TARGET_NAME)";
				SWIFT_VERSION = 5.0;
				TARGETED_DEVICE_FAMILY = "1,2";
				TEST_HOST = "$(BUILT_PRODUCTS_DIR)/FactsCheck.app/FactsCheck";
			};
			name = Release;
		};
/* End XCBuildConfiguration section */

/* Begin XCConfigurationList section */
		D4367563243CEBEC0004A1C1 /* Build configuration list for PBXProject "FactsCheck" */ = {
			isa = XCConfigurationList;
			buildConfigurations = (
				D4367590243CEBEE0004A1C1 /* Debug */,
				D4367591243CEBEE0004A1C1 /* Release */,
			);
			defaultConfigurationIsVisible = 0;
			defaultConfigurationName = Release;
		};
		D4367592243CEBEE0004A1C1 /* Build configuration list for PBXNativeTarget "FactsCheck" */ = {
			isa = XCConfigurationList;
			buildConfigurations = (
				D4367593243CEBEE0004A1C1 /* Debug */,
				D4367594243CEBEE0004A1C1 /* Release */,
			);
			defaultConfigurationIsVisible = 0;
			defaultConfigurationName = Release;
		};
		D4367595243CEBEE0004A1C1 /* Build configuration list for PBXNativeTarget "FactsCheckTests" */ = {
			isa = XCConfigurationList;
			buildConfigurations = (
				D4367596243CEBEE0004A1C1 /* Debug */,
				D4367597243CEBEE0004A1C1 /* Release */,
			);
			defaultConfigurationIsVisible = 0;
			defaultConfigurationName = Release;
		};
/* End XCConfigurationList section */
	};
	rootObject = D4367560243CEBEC0004A1C1 /* Project object */;
}
